// !$*UTF8*$!
{
	archiveVersion = 1;
	classes = {
	};
	objectVersion = 42;
	objects = {

/* Begin PBXBuildFile section */
		0ABA3B1B0D89E53E004B6667 /* nub in Resources */ = {isa = PBXBuildFile; fileRef = 0ABA3B1A0D89E53E004B6667 /* nub */; };
		281AEAB20E65410600B48530 /* ApplicationController.rb in Resources */ = {isa = PBXBuildFile; fileRef = 281AEAAE0E65410600B48530 /* ApplicationController.rb */; };
		281AEAB30E65410600B48530 /* CommitsController.rb in Resources */ = {isa = PBXBuildFile; fileRef = 281AEAAF0E65410600B48530 /* CommitsController.rb */; };
		281AEAB40E65410600B48530 /* InfoWindowController.rb in Resources */ = {isa = PBXBuildFile; fileRef = 281AEAB00E65410600B48530 /* InfoWindowController.rb */; };
		281AEAB50E65410600B48530 /* NetworkController.rb in Resources */ = {isa = PBXBuildFile; fileRef = 281AEAB10E65410600B48530 /* NetworkController.rb */; };
		281AEAB90E65411300B48530 /* CommitSummaryCell.h in Headers */ = {isa = PBXBuildFile; fileRef = 281AEAB60E65411300B48530 /* CommitSummaryCell.h */; };
		281AEABA0E65411300B48530 /* CommitSummaryCell.m in Sources */ = {isa = PBXBuildFile; fileRef = 281AEAB70E65411300B48530 /* CommitSummaryCell.m */; };
		281AEABB0E65411300B48530 /* TexturedWindow.rb in Resources */ = {isa = PBXBuildFile; fileRef = 281AEAB80E65411300B48530 /* TexturedWindow.rb */; };
		281AEAC30E65412C00B48530 /* added.png in Resources */ = {isa = PBXBuildFile; fileRef = 281AEABC0E65412C00B48530 /* added.png */; };
		281AEAC40E65412C00B48530 /* commit.html in Resources */ = {isa = PBXBuildFile; fileRef = 281AEABD0E65412C00B48530 /* commit.html */; };
		281AEAC50E65412C00B48530 /* committer.png in Resources */ = {isa = PBXBuildFile; fileRef = 281AEABE0E65412C00B48530 /* committer.png */; };
		281AEAC60E65412C00B48530 /* common.png in Resources */ = {isa = PBXBuildFile; fileRef = 281AEABF0E65412C00B48530 /* common.png */; };
		281AEAC70E65412C00B48530 /* delete.png in Resources */ = {isa = PBXBuildFile; fileRef = 281AEAC00E65412C00B48530 /* delete.png */; };
		281AEAC80E65412C00B48530 /* gitnub-icon.icns in Resources */ = {isa = PBXBuildFile; fileRef = 281AEAC10E65412C00B48530 /* gitnub-icon.icns */; };
		281AEAC90E65412C00B48530 /* style.css in Resources */ = {isa = PBXBuildFile; fileRef = 281AEAC20E65412C00B48530 /* style.css */; };
		281AEACC0E65418500B48530 /* ImageLoadOperation.rb in Resources */ = {isa = PBXBuildFile; fileRef = 281AEACB0E65418500B48530 /* ImageLoadOperation.rb */; };
		281AEACE0E6541AB00B48530 /* Info.xib in Resources */ = {isa = PBXBuildFile; fileRef = 281AEACD0E6541AB00B48530 /* Info.xib */; };
		283254680D8B792500D99366 /* lib in Resources */ = {isa = PBXBuildFile; fileRef = 283254650D8B792500D99366 /* lib */; };
		286F109E0D7A49380055A0D1 /* WebKit.framework in Frameworks */ = {isa = PBXBuildFile; fileRef = 286F109D0D7A49380055A0D1 /* WebKit.framework */; };
		288853050D7CE2E500862D67 /* LICENSE in Resources */ = {isa = PBXBuildFile; fileRef = 288853040D7CE2E500862D67 /* LICENSE */; };
		288CB41A0D8789DD0092B5CC /* MainMenu.xib in Resources */ = {isa = PBXBuildFile; fileRef = 288CB4180D8789DD0092B5CC /* MainMenu.xib */; };
		4DDCA7070ACC9A6100E082CE /* InfoPlist.strings in Resources */ = {isa = PBXBuildFile; fileRef = 089C165CFE840E0CC02AAC07 /* InfoPlist.strings */; };
		4DDCA7080ACC9A6100E082CE /* rb_main.rb in Resources */ = {isa = PBXBuildFile; fileRef = E8F5E25803AEB7C803A81C6F /* rb_main.rb */; };
		4DDCA70A0ACC9A6100E082CE /* main.m in Sources */ = {isa = PBXBuildFile; fileRef = 29B97316FDCFA39411CA2CEA /* main.m */; settings = {ATTRIBUTES = (); }; };
		4DDCA70C0ACC9A6100E082CE /* Cocoa.framework in Frameworks */ = {isa = PBXBuildFile; fileRef = 1058C7A1FEA54F0111CA2CBB /* Cocoa.framework */; };
		4DDCA70D0ACC9A6100E082CE /* RubyCocoa.framework in Frameworks */ = {isa = PBXBuildFile; fileRef = E8F5E24E03AEB6EC03A81C6F /* RubyCocoa.framework */; };
		DA405D4A0D890F2600841A60 /* Sparkle.framework in CopyFiles */ = {isa = PBXBuildFile; fileRef = DA8995E20D890D8A00CF2CDA /* Sparkle.framework */; };
		DA8995E30D890D8A00CF2CDA /* Sparkle.framework in Frameworks */ = {isa = PBXBuildFile; fileRef = DA8995E20D890D8A00CF2CDA /* Sparkle.framework */; };
/* End PBXBuildFile section */

/* Begin PBXCopyFilesBuildPhase section */
		DA405D4F0D890F2900841A60 /* CopyFiles */ = {
			isa = PBXCopyFilesBuildPhase;
			buildActionMask = 2147483647;
			dstPath = "";
			dstSubfolderSpec = 10;
			files = (
				DA405D4A0D890F2600841A60 /* Sparkle.framework in CopyFiles */,
			);
			runOnlyForDeploymentPostprocessing = 0;
		};
/* End PBXCopyFilesBuildPhase section */

/* Begin PBXFileReference section */
		089C165DFE840E0CC02AAC07 /* English */ = {isa = PBXFileReference; fileEncoding = 10; lastKnownFileType = text.plist.strings; name = English; path = English.lproj/InfoPlist.strings; sourceTree = "<group>"; };
		0ABA3B1A0D89E53E004B6667 /* nub */ = {isa = PBXFileReference; fileEncoding = 4; lastKnownFileType = text.script.sh; path = nub; sourceTree = "<group>"; };
		1058C7A1FEA54F0111CA2CBB /* Cocoa.framework */ = {isa = PBXFileReference; lastKnownFileType = wrapper.framework; name = Cocoa.framework; path = /System/Library/Frameworks/Cocoa.framework; sourceTree = "<absolute>"; };
		281AEAAE0E65410600B48530 /* ApplicationController.rb */ = {isa = PBXFileReference; fileEncoding = 4; lastKnownFileType = text.script.ruby; path = ApplicationController.rb; sourceTree = "<group>"; };
		281AEAAF0E65410600B48530 /* CommitsController.rb */ = {isa = PBXFileReference; fileEncoding = 4; lastKnownFileType = text.script.ruby; path = CommitsController.rb; sourceTree = "<group>"; };
		281AEAB00E65410600B48530 /* InfoWindowController.rb */ = {isa = PBXFileReference; fileEncoding = 4; lastKnownFileType = text.script.ruby; path = InfoWindowController.rb; sourceTree = "<group>"; };
		281AEAB10E65410600B48530 /* NetworkController.rb */ = {isa = PBXFileReference; fileEncoding = 4; lastKnownFileType = text.script.ruby; path = NetworkController.rb; sourceTree = "<group>"; };
		281AEAB60E65411300B48530 /* CommitSummaryCell.h */ = {isa = PBXFileReference; fileEncoding = 4; lastKnownFileType = sourcecode.c.h; path = CommitSummaryCell.h; sourceTree = "<group>"; };
		281AEAB70E65411300B48530 /* CommitSummaryCell.m */ = {isa = PBXFileReference; fileEncoding = 4; lastKnownFileType = sourcecode.c.objc; path = CommitSummaryCell.m; sourceTree = "<group>"; };
		281AEAB80E65411300B48530 /* TexturedWindow.rb */ = {isa = PBXFileReference; fileEncoding = 4; lastKnownFileType = text.script.ruby; path = TexturedWindow.rb; sourceTree = "<group>"; };
		281AEABC0E65412C00B48530 /* added.png */ = {isa = PBXFileReference; lastKnownFileType = image.png; path = added.png; sourceTree = "<group>"; };
		281AEABD0E65412C00B48530 /* commit.html */ = {isa = PBXFileReference; fileEncoding = 4; lastKnownFileType = text.html; path = commit.html; sourceTree = "<group>"; };
		281AEABE0E65412C00B48530 /* committer.png */ = {isa = PBXFileReference; lastKnownFileType = image.png; path = committer.png; sourceTree = "<group>"; };
		281AEABF0E65412C00B48530 /* common.png */ = {isa = PBXFileReference; lastKnownFileType = image.png; path = common.png; sourceTree = "<group>"; };
		281AEAC00E65412C00B48530 /* delete.png */ = {isa = PBXFileReference; lastKnownFileType = image.png; path = delete.png; sourceTree = "<group>"; };
		281AEAC10E65412C00B48530 /* gitnub-icon.icns */ = {isa = PBXFileReference; lastKnownFileType = image.icns; path = "gitnub-icon.icns"; sourceTree = "<group>"; };
		281AEAC20E65412C00B48530 /* style.css */ = {isa = PBXFileReference; fileEncoding = 4; lastKnownFileType = text.css; path = style.css; sourceTree = "<group>"; };
		281AEACB0E65418500B48530 /* ImageLoadOperation.rb */ = {isa = PBXFileReference; fileEncoding = 4; lastKnownFileType = text.script.ruby; path = ImageLoadOperation.rb; sourceTree = "<group>"; };
		281AEACD0E6541AB00B48530 /* Info.xib */ = {isa = PBXFileReference; lastKnownFileType = file.xib; path = Info.xib; sourceTree = "<group>"; };
		283254650D8B792500D99366 /* lib */ = {isa = PBXFileReference; lastKnownFileType = folder; path = lib; sourceTree = "<group>"; };
		286F109D0D7A49380055A0D1 /* WebKit.framework */ = {isa = PBXFileReference; lastKnownFileType = wrapper.framework; name = WebKit.framework; path = /System/Library/Frameworks/WebKit.framework; sourceTree = "<absolute>"; };
		288853040D7CE2E500862D67 /* LICENSE */ = {isa = PBXFileReference; fileEncoding = 4; lastKnownFileType = text; path = LICENSE; sourceTree = "<group>"; };
		288CB4190D8789DD0092B5CC /* English */ = {isa = PBXFileReference; lastKnownFileType = file.xib; name = English; path = English.lproj/MainMenu.xib; sourceTree = "<group>"; };
		29B97316FDCFA39411CA2CEA /* main.m */ = {isa = PBXFileReference; fileEncoding = 30; lastKnownFileType = sourcecode.c.objc; path = main.m; sourceTree = "<group>"; };
		29B97324FDCFA39411CA2CEA /* AppKit.framework */ = {isa = PBXFileReference; lastKnownFileType = wrapper.framework; name = AppKit.framework; path = /System/Library/Frameworks/AppKit.framework; sourceTree = "<absolute>"; };
		29B97325FDCFA39411CA2CEA /* Foundation.framework */ = {isa = PBXFileReference; lastKnownFileType = wrapper.framework; name = Foundation.framework; path = /System/Library/Frameworks/Foundation.framework; sourceTree = "<absolute>"; };
		4DDCA7110ACC9A6100E082CE /* Info.plist */ = {isa = PBXFileReference; lastKnownFileType = text.plist.xml; path = Info.plist; sourceTree = "<group>"; };
		4DDCA7120ACC9A6100E082CE /* GitNub.app */ = {isa = PBXFileReference; explicitFileType = wrapper.application; includeInIndex = 0; path = GitNub.app; sourceTree = BUILT_PRODUCTS_DIR; };
		DA8995E20D890D8A00CF2CDA /* Sparkle.framework */ = {isa = PBXFileReference; lastKnownFileType = wrapper.framework; path = Sparkle.framework; sourceTree = "<group>"; };
		E8F5E24E03AEB6EC03A81C6F /* RubyCocoa.framework */ = {isa = PBXFileReference; lastKnownFileType = wrapper.framework; name = RubyCocoa.framework; path = /Library/Frameworks/RubyCocoa.framework; sourceTree = "<absolute>"; };
		E8F5E25803AEB7C803A81C6F /* rb_main.rb */ = {isa = PBXFileReference; lastKnownFileType = text.script.ruby; path = rb_main.rb; sourceTree = "<group>"; };
/* End PBXFileReference section */

/* Begin PBXFrameworksBuildPhase section */
		4DDCA70B0ACC9A6100E082CE /* Frameworks */ = {
			isa = PBXFrameworksBuildPhase;
			buildActionMask = 2147483647;
			files = (
				4DDCA70C0ACC9A6100E082CE /* Cocoa.framework in Frameworks */,
				4DDCA70D0ACC9A6100E082CE /* RubyCocoa.framework in Frameworks */,
				286F109E0D7A49380055A0D1 /* WebKit.framework in Frameworks */,
				DA8995E30D890D8A00CF2CDA /* Sparkle.framework in Frameworks */,
			);
			runOnlyForDeploymentPostprocessing = 0;
		};
/* End PBXFrameworksBuildPhase section */

/* Begin PBXGroup section */
		080E96DDFE201D6D7F000001 /* Classes */ = {
			isa = PBXGroup;
			children = (
				281AEAA30E65405A00B48530 /* views */,
				281AEAA00E65405300B48530 /* controllers */,
			);
			name = Classes;
			sourceTree = "<group>";
		};
		1058C7A0FEA54F0111CA2CBB /* Linked Frameworks */ = {
			isa = PBXGroup;
			children = (
				DA8995E20D890D8A00CF2CDA /* Sparkle.framework */,
				1058C7A1FEA54F0111CA2CBB /* Cocoa.framework */,
				E8F5E24E03AEB6EC03A81C6F /* RubyCocoa.framework */,
			);
			name = "Linked Frameworks";
			sourceTree = "<group>";
		};
		1058C7A2FEA54F0111CA2CBB /* Other Frameworks */ = {
			isa = PBXGroup;
			children = (
				29B97325FDCFA39411CA2CEA /* Foundation.framework */,
				29B97324FDCFA39411CA2CEA /* AppKit.framework */,
			);
			name = "Other Frameworks";
			sourceTree = "<group>";
		};
		19C28FACFE9D520D11CA2CBB /* Products */ = {
			isa = PBXGroup;
			children = (
				4DDCA7120ACC9A6100E082CE /* GitNub.app */,
			);
			name = Products;
			sourceTree = "<group>";
		};
		281AEAA00E65405300B48530 /* controllers */ = {
			isa = PBXGroup;
			children = (
				281AEAAE0E65410600B48530 /* ApplicationController.rb */,
				281AEAAF0E65410600B48530 /* CommitsController.rb */,
				281AEAB00E65410600B48530 /* InfoWindowController.rb */,
				281AEAB10E65410600B48530 /* NetworkController.rb */,
			);
			path = controllers;
			sourceTree = "<group>";
		};
		281AEAA30E65405A00B48530 /* views */ = {
			isa = PBXGroup;
			children = (
				281AEACD0E6541AB00B48530 /* Info.xib */,
				281AEACB0E65418500B48530 /* ImageLoadOperation.rb */,
				281AEAB60E65411300B48530 /* CommitSummaryCell.h */,
				281AEAB70E65411300B48530 /* CommitSummaryCell.m */,
				281AEAB80E65411300B48530 /* TexturedWindow.rb */,
			);
			path = views;
			sourceTree = "<group>";
		};
		281AEAA60E65406900B48530 /* assets */ = {
			isa = PBXGroup;
			children = (
				281AEABC0E65412C00B48530 /* added.png */,
				281AEABD0E65412C00B48530 /* commit.html */,
				281AEABE0E65412C00B48530 /* committer.png */,
				281AEABF0E65412C00B48530 /* common.png */,
				281AEAC00E65412C00B48530 /* delete.png */,
				281AEAC10E65412C00B48530 /* gitnub-icon.icns */,
				281AEAC20E65412C00B48530 /* style.css */,
			);
			path = assets;
			sourceTree = "<group>";
		};
		29B97314FDCFA39411CA2CEA /* GitNub */ = {
			isa = PBXGroup;
			children = (
				0ABA3B1A0D89E53E004B6667 /* nub */,
				080E96DDFE201D6D7F000001 /* Classes */,
				29B97315FDCFA39411CA2CEA /* Other Sources */,
				29B97317FDCFA39411CA2CEA /* Resources */,
				29B97323FDCFA39411CA2CEA /* Frameworks */,
				19C28FACFE9D520D11CA2CBB /* Products */,
				4DDCA7110ACC9A6100E082CE /* Info.plist */,
				288853040D7CE2E500862D67 /* LICENSE */,
				288CB4180D8789DD0092B5CC /* MainMenu.xib */,
			);
			name = GitNub;
			sourceTree = "<group>";
		};
		29B97315FDCFA39411CA2CEA /* Other Sources */ = {
			isa = PBXGroup;
			children = (
				283254650D8B792500D99366 /* lib */,
				29B97316FDCFA39411CA2CEA /* main.m */,
				E8F5E25803AEB7C803A81C6F /* rb_main.rb */,
			);
			name = "Other Sources";
			sourceTree = "<group>";
		};
		29B97317FDCFA39411CA2CEA /* Resources */ = {
			isa = PBXGroup;
			children = (
				281AEAA60E65406900B48530 /* assets */,
				089C165CFE840E0CC02AAC07 /* InfoPlist.strings */,
			);
			name = Resources;
			sourceTree = "<group>";
		};
		29B97323FDCFA39411CA2CEA /* Frameworks */ = {
			isa = PBXGroup;
			children = (
				286F109D0D7A49380055A0D1 /* WebKit.framework */,
				1058C7A0FEA54F0111CA2CBB /* Linked Frameworks */,
				1058C7A2FEA54F0111CA2CBB /* Other Frameworks */,
			);
			name = Frameworks;
			sourceTree = "<group>";
		};
/* End PBXGroup section */

/* Begin PBXHeadersBuildPhase section */
		4DDCA7040ACC9A6100E082CE /* Headers */ = {
			isa = PBXHeadersBuildPhase;
			buildActionMask = 2147483647;
			files = (
				281AEAB90E65411300B48530 /* CommitSummaryCell.h in Headers */,
			);
			runOnlyForDeploymentPostprocessing = 0;
		};
/* End PBXHeadersBuildPhase section */

/* Begin PBXNativeTarget section */
		4DDCA7030ACC9A6100E082CE /* GitNub */ = {
			isa = PBXNativeTarget;
			buildConfigurationList = 4DDCA70E0ACC9A6100E082CE /* Build configuration list for PBXNativeTarget "GitNub" */;
			buildPhases = (
				4DDCA7040ACC9A6100E082CE /* Headers */,
				4DDCA7050ACC9A6100E082CE /* Resources */,
				4DDCA7090ACC9A6100E082CE /* Sources */,
				4DDCA70B0ACC9A6100E082CE /* Frameworks */,
				DA405D4F0D890F2900841A60 /* CopyFiles */,
			);
			buildRules = (
			);
			dependencies = (
			);
			name = GitNub;
			productInstallPath = "$(HOME)/Applications";
			productName = GitNub;
			productReference = 4DDCA7120ACC9A6100E082CE /* GitNub.app */;
			productType = "com.apple.product-type.application";
		};
/* End PBXNativeTarget section */

/* Begin PBXProject section */
		29B97313FDCFA39411CA2CEA /* Project object */ = {
			isa = PBXProject;
			buildConfigurationList = 4D7A7B570ABF745500C2D4C0 /* Build configuration list for PBXProject "GitNub" */;
			compatibilityVersion = "Xcode 2.4";
			hasScannedForEncodings = 0;
			mainGroup = 29B97314FDCFA39411CA2CEA /* GitNub */;
			projectDirPath = "";
			projectRoot = "";
			targets = (
				4DDCA7030ACC9A6100E082CE /* GitNub */,
			);
		};
/* End PBXProject section */

/* Begin PBXResourcesBuildPhase section */
		4DDCA7050ACC9A6100E082CE /* Resources */ = {
			isa = PBXResourcesBuildPhase;
			buildActionMask = 2147483647;
			files = (
				4DDCA7070ACC9A6100E082CE /* InfoPlist.strings in Resources */,
				4DDCA7080ACC9A6100E082CE /* rb_main.rb in Resources */,
				288853050D7CE2E500862D67 /* LICENSE in Resources */,
				288CB41A0D8789DD0092B5CC /* MainMenu.xib in Resources */,
				0ABA3B1B0D89E53E004B6667 /* nub in Resources */,
				283254680D8B792500D99366 /* lib in Resources */,
				281AEAB20E65410600B48530 /* ApplicationController.rb in Resources */,
				281AEAB30E65410600B48530 /* CommitsController.rb in Resources */,
				281AEAB40E65410600B48530 /* InfoWindowController.rb in Resources */,
				281AEAB50E65410600B48530 /* NetworkController.rb in Resources */,
				281AEABB0E65411300B48530 /* TexturedWindow.rb in Resources */,
				281AEAC30E65412C00B48530 /* added.png in Resources */,
				281AEAC40E65412C00B48530 /* commit.html in Resources */,
				281AEAC50E65412C00B48530 /* committer.png in Resources */,
				281AEAC60E65412C00B48530 /* common.png in Resources */,
				281AEAC70E65412C00B48530 /* delete.png in Resources */,
				281AEAC80E65412C00B48530 /* gitnub-icon.icns in Resources */,
				281AEAC90E65412C00B48530 /* style.css in Resources */,
				281AEACC0E65418500B48530 /* ImageLoadOperation.rb in Resources */,
				281AEACE0E6541AB00B48530 /* Info.xib in Resources */,
			);
			runOnlyForDeploymentPostprocessing = 0;
		};
/* End PBXResourcesBuildPhase section */

/* Begin PBXSourcesBuildPhase section */
		4DDCA7090ACC9A6100E082CE /* Sources */ = {
			isa = PBXSourcesBuildPhase;
			buildActionMask = 2147483647;
			files = (
				4DDCA70A0ACC9A6100E082CE /* main.m in Sources */,
				281AEABA0E65411300B48530 /* CommitSummaryCell.m in Sources */,
			);
			runOnlyForDeploymentPostprocessing = 0;
		};
/* End PBXSourcesBuildPhase section */

/* Begin PBXVariantGroup section */
		089C165CFE840E0CC02AAC07 /* InfoPlist.strings */ = {
			isa = PBXVariantGroup;
			children = (
				089C165DFE840E0CC02AAC07 /* English */,
			);
			name = InfoPlist.strings;
			sourceTree = "<group>";
		};
		288CB4180D8789DD0092B5CC /* MainMenu.xib */ = {
			isa = PBXVariantGroup;
			children = (
				288CB4190D8789DD0092B5CC /* English */,
			);
			name = MainMenu.xib;
			sourceTree = "<group>";
		};
/* End PBXVariantGroup section */

/* Begin XCBuildConfiguration section */
		4D7A7B580ABF745500C2D4C0 /* Debug */ = {
			isa = XCBuildConfiguration;
			buildSettings = {
				GCC_WARN_ABOUT_RETURN_TYPE = YES;
				GCC_WARN_UNUSED_VARIABLE = YES;
				PREBINDING = NO;
			};
			name = Debug;
		};
		4D7A7B590ABF745500C2D4C0 /* Release */ = {
			isa = XCBuildConfiguration;
			buildSettings = {
				GCC_WARN_ABOUT_RETURN_TYPE = YES;
				GCC_WARN_UNUSED_VARIABLE = YES;
				PREBINDING = NO;
			};
			name = Release;
		};
		4DDCA70F0ACC9A6100E082CE /* Debug */ = {
			isa = XCBuildConfiguration;
			buildSettings = {
				COPY_PHASE_STRIP = NO;
				FRAMEWORK_SEARCH_PATHS = (
					"$(inherited)",
					"$(FRAMEWORK_SEARCH_PATHS_QUOTED_1)",
				);
				FRAMEWORK_SEARCH_PATHS_QUOTED_1 = "\"$(SRCROOT)\"";
				GCC_DYNAMIC_NO_PIC = NO;
				GCC_ENABLE_FIX_AND_CONTINUE = YES;
				GCC_MODEL_TUNING = G5;
				GCC_OPTIMIZATION_LEVEL = 0;
				INFOPLIST_FILE = Info.plist;
				INSTALL_PATH = "$(HOME)/Applications";
				PRODUCT_NAME = GitNub;
				WRAPPER_EXTENSION = app;
				ZERO_LINK = YES;
			};
			name = Debug;
		};
		4DDCA7100ACC9A6100E082CE /* Release */ = {
			isa = XCBuildConfiguration;
			buildSettings = {
				ARCHS = "$(ARCHS_STANDARD_32_BIT_PRE_XCODE_3_1)";
				ARCHS_STANDARD_32_BIT_PRE_XCODE_3_1 = "ppc i386";
				FRAMEWORK_SEARCH_PATHS = (
					"$(inherited)",
					"$(FRAMEWORK_SEARCH_PATHS_QUOTED_FOR_TARGET_1)",
				);
				FRAMEWORK_SEARCH_PATHS_QUOTED_FOR_TARGET_1 = "\"$(SRCROOT)\"";
				GCC_GENERATE_DEBUGGING_SYMBOLS = NO;
				GCC_MODEL_TUNING = G5;
				INFOPLIST_FILE = Info.plist;
				INSTALL_PATH = /Applications;
				PRODUCT_NAME = GitNub;
				WRAPPER_EXTENSION = app;
			};
			name = Release;
		};
/* End XCBuildConfiguration section */

/* Begin XCConfigurationList section */
		4D7A7B570ABF745500C2D4C0 /* Build configuration list for PBXProject "GitNub" */ = {
			isa = XCConfigurationList;
			buildConfigurations = (
				4D7A7B580ABF745500C2D4C0 /* Debug */,
				4D7A7B590ABF745500C2D4C0 /* Release */,
			);
			defaultConfigurationIsVisible = 0;
			defaultConfigurationName = Release;
		};
		4DDCA70E0ACC9A6100E082CE /* Build configuration list for PBXNativeTarget "GitNub" */ = {
			isa = XCConfigurationList;
			buildConfigurations = (
				4DDCA70F0ACC9A6100E082CE /* Debug */,
				4DDCA7100ACC9A6100E082CE /* Release */,
			);
			defaultConfigurationIsVisible = 0;
			defaultConfigurationName = Release;
		};
/* End XCConfigurationList section */
	};
	rootObject = 29B97313FDCFA39411CA2CEA /* Project object */;
}
